// !$*UTF8*$!
{
	archiveVersion = 1;
	classes = {
	};
	objectVersion = 56;
	objects = {

/* Begin PBXBuildFile section */
		C391ABD02B6CB8F2004E7CC6 /* Fetch_iOS_Coding_ChallengeApp.swift in Sources */ = {isa = PBXBuildFile; fileRef = C391ABCF2B6CB8F2004E7CC6 /* Fetch_iOS_Coding_ChallengeApp.swift */; };
		C391ABD22B6CB8F2004E7CC6 /* MealsListView.swift in Sources */ = {isa = PBXBuildFile; fileRef = C391ABD12B6CB8F2004E7CC6 /* MealsListView.swift */; };
		C391ABD42B6CB8F4004E7CC6 /* Assets.xcassets in Resources */ = {isa = PBXBuildFile; fileRef = C391ABD32B6CB8F4004E7CC6 /* Assets.xcassets */; };
		C391ABD72B6CB8F4004E7CC6 /* Preview Assets.xcassets in Resources */ = {isa = PBXBuildFile; fileRef = C391ABD62B6CB8F4004E7CC6 /* Preview Assets.xcassets */; };
		C3C207642B718D0400040BD4 /* Meal.swift in Sources */ = {isa = PBXBuildFile; fileRef = C3C207632B718D0400040BD4 /* Meal.swift */; };
		C3C207662B718DF400040BD4 /* MealsListViewViewModel.swift in Sources */ = {isa = PBXBuildFile; fileRef = C3C207652B718DF400040BD4 /* MealsListViewViewModel.swift */; };
		C3C207682B718EA500040BD4 /* MealThumbnail.swift in Sources */ = {isa = PBXBuildFile; fileRef = C3C207672B718EA500040BD4 /* MealThumbnail.swift */; };
		C3C2076A2B718FAE00040BD4 /* MealListCellView.swift in Sources */ = {isa = PBXBuildFile; fileRef = C3C207692B718FAE00040BD4 /* MealListCellView.swift */; };
/* End PBXBuildFile section */

/* Begin PBXFileReference section */
		C391ABCC2B6CB8F2004E7CC6 /* Fetch iOS Coding Challenge.app */ = {isa = PBXFileReference; explicitFileType = wrapper.application; includeInIndex = 0; path = "Fetch iOS Coding Challenge.app"; sourceTree = BUILT_PRODUCTS_DIR; };
		C391ABCF2B6CB8F2004E7CC6 /* Fetch_iOS_Coding_ChallengeApp.swift */ = {isa = PBXFileReference; lastKnownFileType = sourcecode.swift; path = Fetch_iOS_Coding_ChallengeApp.swift; sourceTree = "<group>"; };
		C391ABD12B6CB8F2004E7CC6 /* MealsListView.swift */ = {isa = PBXFileReference; lastKnownFileType = sourcecode.swift; path = MealsListView.swift; sourceTree = "<group>"; };
		C391ABD32B6CB8F4004E7CC6 /* Assets.xcassets */ = {isa = PBXFileReference; lastKnownFileType = folder.assetcatalog; path = Assets.xcassets; sourceTree = "<group>"; };
		C391ABD62B6CB8F4004E7CC6 /* Preview Assets.xcassets */ = {isa = PBXFileReference; lastKnownFileType = folder.assetcatalog; path = "Preview Assets.xcassets"; sourceTree = "<group>"; };
		C3C207632B718D0400040BD4 /* Meal.swift */ = {isa = PBXFileReference; lastKnownFileType = sourcecode.swift; path = Meal.swift; sourceTree = "<group>"; };
		C3C207652B718DF400040BD4 /* MealsListViewViewModel.swift */ = {isa = PBXFileReference; lastKnownFileType = sourcecode.swift; path = MealsListViewViewModel.swift; sourceTree = "<group>"; };
		C3C207672B718EA500040BD4 /* MealThumbnail.swift */ = {isa = PBXFileReference; lastKnownFileType = sourcecode.swift; path = MealThumbnail.swift; sourceTree = "<group>"; };
		C3C207692B718FAE00040BD4 /* MealListCellView.swift */ = {isa = PBXFileReference; lastKnownFileType = sourcecode.swift; path = MealListCellView.swift; sourceTree = "<group>"; };
/* End PBXFileReference section */

/* Begin PBXFrameworksBuildPhase section */
		C391ABC92B6CB8F2004E7CC6 /* Frameworks */ = {
			isa = PBXFrameworksBuildPhase;
			buildActionMask = 2147483647;
			files = (
			);
			runOnlyForDeploymentPostprocessing = 0;
		};
/* End PBXFrameworksBuildPhase section */

/* Begin PBXGroup section */
		C391ABC32B6CB8F2004E7CC6 = {
			isa = PBXGroup;
			children = (
				C391ABCE2B6CB8F2004E7CC6 /* Fetch iOS Coding Challenge */,
				C391ABCD2B6CB8F2004E7CC6 /* Products */,
			);
			sourceTree = "<group>";
		};
		C391ABCD2B6CB8F2004E7CC6 /* Products */ = {
			isa = PBXGroup;
			children = (
				C391ABCC2B6CB8F2004E7CC6 /* Fetch iOS Coding Challenge.app */,
			);
			name = Products;
			sourceTree = "<group>";
		};
		C391ABCE2B6CB8F2004E7CC6 /* Fetch iOS Coding Challenge */ = {
			isa = PBXGroup;
			children = (
				C391ABCF2B6CB8F2004E7CC6 /* Fetch_iOS_Coding_ChallengeApp.swift */,
				C391ABD12B6CB8F2004E7CC6 /* MealsListView.swift */,
				C3C207692B718FAE00040BD4 /* MealListCellView.swift */,
				C3C207672B718EA500040BD4 /* MealThumbnail.swift */,
				C3C207652B718DF400040BD4 /* MealsListViewViewModel.swift */,
				C3C207632B718D0400040BD4 /* Meal.swift */,
				C391ABD32B6CB8F4004E7CC6 /* Assets.xcassets */,
				C391ABD52B6CB8F4004E7CC6 /* Preview Content */,
			);
			path = "Fetch iOS Coding Challenge";
			sourceTree = "<group>";
		};
		C391ABD52B6CB8F4004E7CC6 /* Preview Content */ = {
			isa = PBXGroup;
			children = (
				C391ABD62B6CB8F4004E7CC6 /* Preview Assets.xcassets */,
			);
			path = "Preview Content";
			sourceTree = "<group>";
		};
/* End PBXGroup section */

/* Begin PBXNativeTarget section */
		C391ABCB2B6CB8F2004E7CC6 /* Fetch iOS Coding Challenge */ = {
			isa = PBXNativeTarget;
			buildConfigurationList = C391ABDA2B6CB8F4004E7CC6 /* Build configuration list for PBXNativeTarget "Fetch iOS Coding Challenge" */;
			buildPhases = (
				C391ABC82B6CB8F2004E7CC6 /* Sources */,
				C391ABC92B6CB8F2004E7CC6 /* Frameworks */,
				C391ABCA2B6CB8F2004E7CC6 /* Resources */,
			);
			buildRules = (
			);
			dependencies = (
			);
			name = "Fetch iOS Coding Challenge";
			productName = "Fetch iOS Coding Challenge";
			productReference = C391ABCC2B6CB8F2004E7CC6 /* Fetch iOS Coding Challenge.app */;
			productType = "com.apple.product-type.application";
		};
/* End PBXNativeTarget section */

/* Begin PBXProject section */
		C391ABC42B6CB8F2004E7CC6 /* Project object */ = {
			isa = PBXProject;
			attributes = {
				BuildIndependentTargetsInParallel = 1;
				LastSwiftUpdateCheck = 1520;
				LastUpgradeCheck = 1520;
				TargetAttributes = {
					C391ABCB2B6CB8F2004E7CC6 = {
						CreatedOnToolsVersion = 15.2;
					};
				};
			};
			buildConfigurationList = C391ABC72B6CB8F2004E7CC6 /* Build configuration list for PBXProject "Fetch iOS Coding Challenge" */;
			compatibilityVersion = "Xcode 14.0";
			developmentRegion = en;
			hasScannedForEncodings = 0;
			knownRegions = (
				en,
				Base,
			);
			mainGroup = C391ABC32B6CB8F2004E7CC6;
			productRefGroup = C391ABCD2B6CB8F2004E7CC6 /* Products */;
			projectDirPath = "";
			projectRoot = "";
			targets = (
				C391ABCB2B6CB8F2004E7CC6 /* Fetch iOS Coding Challenge */,
			);
		};
/* End PBXProject section */

/* Begin PBXResourcesBuildPhase section */
		C391ABCA2B6CB8F2004E7CC6 /* Resources */ = {
			isa = PBXResourcesBuildPhase;
			buildActionMask = 2147483647;
			files = (
				C391ABD72B6CB8F4004E7CC6 /* Preview Assets.xcassets in Resources */,
				C391ABD42B6CB8F4004E7CC6 /* Assets.xcassets in Resources */,
			);
			runOnlyForDeploymentPostprocessing = 0;
		};
/* End PBXResourcesBuildPhase section */

/* Begin PBXSourcesBuildPhase section */
		C391ABC82B6CB8F2004E7CC6 /* Sources */ = {
			isa = PBXSourcesBuildPhase;
			buildActionMask = 2147483647;
			files = (
				C3C207662B718DF400040BD4 /* MealsListViewViewModel.swift in Sources */,
				C391ABD22B6CB8F2004E7CC6 /* MealsListView.swift in Sources */,
				C3C207682B718EA500040BD4 /* MealThumbnail.swift in Sources */,
				C3C2076A2B718FAE00040BD4 /* MealListCellView.swift in Sources */,
				C3C207642B718D0400040BD4 /* Meal.swift in Sources */,
				C391ABD02B6CB8F2004E7CC6 /* Fetch_iOS_Coding_ChallengeApp.swift in Sources */,
			);
			runOnlyForDeploymentPostprocessing = 0;
		};
/* End PBXSourcesBuildPhase section */

/* Begin XCBuildConfiguration section */
		C391ABD82B6CB8F4004E7CC6 /* Debug */ = {
			isa = XCBuildConfiguration;
			buildSettings = {
				ALWAYS_SEARCH_USER_PATHS = NO;
				ASSETCATALOG_COMPILER_GENERATE_SWIFT_ASSET_SYMBOL_EXTENSIONS = YES;
				CLANG_ANALYZER_NONNULL = YES;
				CLANG_ANALYZER_NUMBER_OBJECT_CONVERSION = YES_AGGRESSIVE;
				CLANG_CXX_LANGUAGE_STANDARD = "gnu++20";
				CLANG_ENABLE_MODULES = YES;
				CLANG_ENABLE_OBJC_ARC = YES;
				CLANG_ENABLE_OBJC_WEAK = YES;
				CLANG_WARN_BLOCK_CAPTURE_AUTORELEASING = YES;
				CLANG_WARN_BOOL_CONVERSION = YES;
				CLANG_WARN_COMMA = YES;
				CLANG_WARN_CONSTANT_CONVERSION = YES;
				CLANG_WARN_DEPRECATED_OBJC_IMPLEMENTATIONS = YES;
				CLANG_WARN_DIRECT_OBJC_ISA_USAGE = YES_ERROR;
				CLANG_WARN_DOCUMENTATION_COMMENTS = YES;
				CLANG_WARN_EMPTY_BODY = YES;
				CLANG_WARN_ENUM_CONVERSION = YES;
				CLANG_WARN_INFINITE_RECURSION = YES;
				CLANG_WARN_INT_CONVERSION = YES;
				CLANG_WARN_NON_LITERAL_NULL_CONVERSION = YES;
				CLANG_WARN_OBJC_IMPLICIT_RETAIN_SELF = YES;
				CLANG_WARN_OBJC_LITERAL_CONVERSION = YES;
				CLANG_WARN_OBJC_ROOT_CLASS = YES_ERROR;
				CLANG_WARN_QUOTED_INCLUDE_IN_FRAMEWORK_HEADER = YES;
				CLANG_WARN_RANGE_LOOP_ANALYSIS = YES;
				CLANG_WARN_STRICT_PROTOTYPES = YES;
				CLANG_WARN_SUSPICIOUS_MOVE = YES;
				CLANG_WARN_UNGUARDED_AVAILABILITY = YES_AGGRESSIVE;
				CLANG_WARN_UNREACHABLE_CODE = YES;
				CLANG_WARN__DUPLICATE_METHOD_MATCH = YES;
				COPY_PHASE_STRIP = NO;
				DEBUG_INFORMATION_FORMAT = dwarf;
				ENABLE_STRICT_OBJC_MSGSEND = YES;
				ENABLE_TESTABILITY = YES;
				ENABLE_USER_SCRIPT_SANDBOXING = YES;
				GCC_C_LANGUAGE_STANDARD = gnu17;
				GCC_DYNAMIC_NO_PIC = NO;
				GCC_NO_COMMON_BLOCKS = YES;
				GCC_OPTIMIZATION_LEVEL = 0;
				GCC_PREPROCESSOR_DEFINITIONS = (
					"DEBUG=1",
					"$(inherited)",
				);
				GCC_WARN_64_TO_32_BIT_CONVERSION = YES;
				GCC_WARN_ABOUT_RETURN_TYPE = YES_ERROR;
				GCC_WARN_UNDECLARED_SELECTOR = YES;
				GCC_WARN_UNINITIALIZED_AUTOS = YES_AGGRESSIVE;
				GCC_WARN_UNUSED_FUNCTION = YES;
				GCC_WARN_UNUSED_VARIABLE = YES;
				IPHONEOS_DEPLOYMENT_TARGET = 17.2;
				LOCALIZATION_PREFERS_STRING_CATALOGS = YES;
				MTL_ENABLE_DEBUG_INFO = INCLUDE_SOURCE;
				MTL_FAST_MATH = YES;
				ONLY_ACTIVE_ARCH = YES;
				SDKROOT = iphoneos;
				SWIFT_ACTIVE_COMPILATION_CONDITIONS = "DEBUG $(inherited)";
				SWIFT_OPTIMIZATION_LEVEL = "-Onone";
			};
			name = Debug;
		};
		C391ABD92B6CB8F4004E7CC6 /* Release */ = {
			isa = XCBuildConfiguration;
			buildSettings = {
				ALWAYS_SEARCH_USER_PATHS = NO;
				ASSETCATALOG_COMPILER_GENERATE_SWIFT_ASSET_SYMBOL_EXTENSIONS = YES;
				CLANG_ANALYZER_NONNULL = YES;
				CLANG_ANALYZER_NUMBER_OBJECT_CONVERSION = YES_AGGRESSIVE;
				CLANG_CXX_LANGUAGE_STANDARD = "gnu++20";
				CLANG_ENABLE_MODULES = YES;
				CLANG_ENABLE_OBJC_ARC = YES;
				CLANG_ENABLE_OBJC_WEAK = YES;
				CLANG_WARN_BLOCK_CAPTURE_AUTORELEASING = YES;
				CLANG_WARN_BOOL_CONVERSION = YES;
				CLANG_WARN_COMMA = YES;
				CLANG_WARN_CONSTANT_CONVERSION = YES;
				CLANG_WARN_DEPRECATED_OBJC_IMPLEMENTATIONS = YES;
				CLANG_WARN_DIRECT_OBJC_ISA_USAGE = YES_ERROR;
				CLANG_WARN_DOCUMENTATION_COMMENTS = YES;
				CLANG_WARN_EMPTY_BODY = YES;
				CLANG_WARN_ENUM_CONVERSION = YES;
				CLANG_WARN_INFINITE_RECURSION = YES;
				CLANG_WARN_INT_CONVERSION = YES;
				CLANG_WARN_NON_LITERAL_NULL_CONVERSION = YES;
				CLANG_WARN_OBJC_IMPLICIT_RETAIN_SELF = YES;
				CLANG_WARN_OBJC_LITERAL_CONVERSION = YES;
				CLANG_WARN_OBJC_ROOT_CLASS = YES_ERROR;
				CLANG_WARN_QUOTED_INCLUDE_IN_FRAMEWORK_HEADER = YES;
				CLANG_WARN_RANGE_LOOP_ANALYSIS = YES;
				CLANG_WARN_STRICT_PROTOTYPES = YES;
				CLANG_WARN_SUSPICIOUS_MOVE = YES;
				CLANG_WARN_UNGUARDED_AVAILABILITY = YES_AGGRESSIVE;
				CLANG_WARN_UNREACHABLE_CODE = YES;
				CLANG_WARN__DUPLICATE_METHOD_MATCH = YES;
				COPY_PHASE_STRIP = NO;
				DEBUG_INFORMATION_FORMAT = "dwarf-with-dsym";
				ENABLE_NS_ASSERTIONS = NO;
				ENABLE_STRICT_OBJC_MSGSEND = YES;
				ENABLE_USER_SCRIPT_SANDBOXING = YES;
				GCC_C_LANGUAGE_STANDARD = gnu17;
				GCC_NO_COMMON_BLOCKS = YES;
				GCC_WARN_64_TO_32_BIT_CONVERSION = YES;
				GCC_WARN_ABOUT_RETURN_TYPE = YES_ERROR;
				GCC_WARN_UNDECLARED_SELECTOR = YES;
				GCC_WARN_UNINITIALIZED_AUTOS = YES_AGGRESSIVE;
				GCC_WARN_UNUSED_FUNCTION = YES;
				GCC_WARN_UNUSED_VARIABLE = YES;
				IPHONEOS_DEPLOYMENT_TARGET = 17.2;
				LOCALIZATION_PREFERS_STRING_CATALOGS = YES;
				MTL_ENABLE_DEBUG_INFO = NO;
				MTL_FAST_MATH = YES;
				SDKROOT = iphoneos;
				SWIFT_COMPILATION_MODE = wholemodule;
				VALIDATE_PRODUCT = YES;
			};
			name = Release;
		};
		C391ABDB2B6CB8F4004E7CC6 /* Debug */ = {
			isa = XCBuildConfiguration;
			buildSettings = {
				ASSETCATALOG_COMPILER_APPICON_NAME = AppIcon;
				ASSETCATALOG_COMPILER_GLOBAL_ACCENT_COLOR_NAME = AccentColor;
				CODE_SIGN_STYLE = Automatic;
				CURRENT_PROJECT_VERSION = 1;
				DEVELOPMENT_ASSET_PATHS = "\"Fetch iOS Coding Challenge/Preview Content\"";
				DEVELOPMENT_TEAM = J6YZ86R5K6;
				ENABLE_PREVIEWS = YES;
				GENERATE_INFOPLIST_FILE = YES;
				INFOPLIST_KEY_UIApplicationSceneManifest_Generation = YES;
				INFOPLIST_KEY_UIApplicationSupportsIndirectInputEvents = YES;
				INFOPLIST_KEY_UILaunchScreen_Generation = YES;
				INFOPLIST_KEY_UISupportedInterfaceOrientations_iPad = "UIInterfaceOrientationPortrait UIInterfaceOrientationPortraitUpsideDown UIInterfaceOrientationLandscapeLeft UIInterfaceOrientationLandscapeRight";
				INFOPLIST_KEY_UISupportedInterfaceOrientations_iPhone = "UIInterfaceOrientationPortrait UIInterfaceOrientationLandscapeLeft UIInterfaceOrientationLandscapeRight";
				LD_RUNPATH_SEARCH_PATHS = (
					"$(inherited)",
					"@executable_path/Frameworks",
				);
				MARKETING_VERSION = 1.0;
				PRODUCT_BUNDLE_IDENTIFIER = "com.danpham.Fetch-iOS-Coding-Challenge";
				PRODUCT_NAME = "$(TARGET_NAME)";
				SWIFT_EMIT_LOC_STRINGS = YES;
				SWIFT_VERSION = 5.0;
				TARGETED_DEVICE_FAMILY = "1,2";
			};
			name = Debug;
		};
		C391ABDC2B6CB8F4004E7CC6 /* Release */ = {
			isa = XCBuildConfiguration;
			buildSettings = {
				ASSETCATALOG_COMPILER_APPICON_NAME = AppIcon;
				ASSETCATALOG_COMPILER_GLOBAL_ACCENT_COLOR_NAME = AccentColor;
				CODE_SIGN_STYLE = Automatic;
				CURRENT_PROJECT_VERSION = 1;
				DEVELOPMENT_ASSET_PATHS = "\"Fetch iOS Coding Challenge/Preview Content\"";
				DEVELOPMENT_TEAM = J6YZ86R5K6;
				ENABLE_PREVIEWS = YES;
				GENERATE_INFOPLIST_FILE = YES;
				INFOPLIST_KEY_UIApplicationSceneManifest_Generation = YES;
				INFOPLIST_KEY_UIApplicationSupportsIndirectInputEvents = YES;
				INFOPLIST_KEY_UILaunchScreen_Generation = YES;
				INFOPLIST_KEY_UISupportedInterfaceOrientations_iPad = "UIInterfaceOrientationPortrait UIInterfaceOrientationPortraitUpsideDown UIInterfaceOrientationLandscapeLeft UIInterfaceOrientationLandscapeRight";
				INFOPLIST_KEY_UISupportedInterfaceOrientations_iPhone = "UIInterfaceOrientationPortrait UIInterfaceOrientationLandscapeLeft UIInterfaceOrientationLandscapeRight";
				LD_RUNPATH_SEARCH_PATHS = (
					"$(inherited)",
					"@executable_path/Frameworks",
				);
				MARKETING_VERSION = 1.0;
				PRODUCT_BUNDLE_IDENTIFIER = "com.danpham.Fetch-iOS-Coding-Challenge";
				PRODUCT_NAME = "$(TARGET_NAME)";
				SWIFT_EMIT_LOC_STRINGS = YES;
				SWIFT_VERSION = 5.0;
				TARGETED_DEVICE_FAMILY = "1,2";
			};
			name = Release;
		};
/* End XCBuildConfiguration section */

/* Begin XCConfigurationList section */
		C391ABC72B6CB8F2004E7CC6 /* Build configuration list for PBXProject "Fetch iOS Coding Challenge" */ = {
			isa = XCConfigurationList;
			buildConfigurations = (
				C391ABD82B6CB8F4004E7CC6 /* Debug */,
				C391ABD92B6CB8F4004E7CC6 /* Release */,
			);
			defaultConfigurationIsVisible = 0;
			defaultConfigurationName = Release;
		};
		C391ABDA2B6CB8F4004E7CC6 /* Build configuration list for PBXNativeTarget "Fetch iOS Coding Challenge" */ = {
			isa = XCConfigurationList;
			buildConfigurations = (
				C391ABDB2B6CB8F4004E7CC6 /* Debug */,
				C391ABDC2B6CB8F4004E7CC6 /* Release */,
			);
			defaultConfigurationIsVisible = 0;
			defaultConfigurationName = Release;
		};
/* End XCConfigurationList section */
	};
	rootObject = C391ABC42B6CB8F2004E7CC6 /* Project object */;
}
